{
    "_readme": [
        "This file locks the dependencies of your project to a known state",
        "Read more about it at https://getcomposer.org/doc/01-basic-usage.md#composer-lock-the-lock-file",
        "This file is @generated automatically"
    ],
    "hash": "62264c468430f1b9c82c45dc20f56896",
    "content-hash": "8f18dc52ce4ee80f722cf7d2b57c5c37",
    "packages": [
        {
            "name": "atk4/core",
            "version": "1.1.6",
            "source": {
                "type": "git",
                "url": "https://github.com/atk4/core.git",
                "reference": "1523070dea1d9b0875a2b475805fdb6720b9b9c8"
            },
            "dist": {
                "type": "zip",
                "url": "https://api.github.com/repos/atk4/core/zipball/1523070dea1d9b0875a2b475805fdb6720b9b9c8",
                "reference": "1523070dea1d9b0875a2b475805fdb6720b9b9c8",
                "shasum": ""
            },
            "require": {
                "php": ">=5.5.0"
            },
            "require-dev": {
                "codeclimate/php-test-reporter": "*",
                "phpunit/phpunit": "~4.0"
            },
            "type": "library",
            "autoload": {
                "psr-4": {
                    "atk4\\core\\": "src/"
                }
            },
            "notification-url": "https://packagist.org/downloads/",
            "license": [
                "MIT"
            ],
            "authors": [
                {
                    "name": "Romans Malinovskis",
                    "email": "romans@agiletoolkit.org",
                    "homepage": "https://nearly.guru/"
                }
            ],
            "description": "Agile Core - collection of PHP Traits for designing object-oriented frameworks",
            "homepage": "https://github.com/atk4/core",
            "keywords": [
                "Agile Toolkit",
                "framework",
                "php",
                "trains"
            ],
            "time": "2016-09-22 05:03:23"
        },
        {
            "name": "atk4/data",
            "version": "dev-develop",
            "source": {
                "type": "git",
                "url": "https://github.com/atk4/data.git",
                "reference": "a40e513d42264ee754485330c5791059dccc9092"
            },
            "dist": {
                "type": "zip",
                "url": "https://api.github.com/repos/atk4/data/zipball/a40e513d42264ee754485330c5791059dccc9092",
                "reference": "a40e513d42264ee754485330c5791059dccc9092",
                "shasum": ""
            },
            "require": {
                "atk4/core": "~1.1.4",
                "atk4/dsql": "~1.0.9",
                "php": ">=5.5.0"
            },
            "require-dev": {
                "codeclimate/php-test-reporter": "*",
                "phpunit/phpunit": "4.*"
            },
            "type": "library",
            "autoload": {
                "psr-4": {
                    "atk4\\data\\": "src/"
                }
            },
            "notification-url": "https://packagist.org/downloads/",
            "license": [
                "MIT"
            ],
            "authors": [
                {
                    "name": "Romans Malinovskis",
                    "email": "romans@agiletoolkit.org",
                    "homepage": "https://nearly.guru/"
                }
            ],
            "description": "Agile Data - Database access abstraction framework",
            "homepage": "https://github.com/atk4/data",
            "keywords": [
                "Active Record",
                "builder",
                "framework",
                "mongodb",
                "mysql",
                "nosql",
                "orm",
                "postgresql",
                "query",
                "sql"
            ],
            "time": "2016-09-23 13:08:49"
        },
        {
            "name": "atk4/dsql",
            "version": "1.0.10",
            "source": {
                "type": "git",
                "url": "https://github.com/atk4/dsql.git",
                "reference": "e8b2f8019ab8d7806e90d32975bb5172a864dfc9"
            },
            "dist": {
                "type": "zip",
                "url": "https://api.github.com/repos/atk4/dsql/zipball/e8b2f8019ab8d7806e90d32975bb5172a864dfc9",
                "reference": "e8b2f8019ab8d7806e90d32975bb5172a864dfc9",
                "shasum": ""
            },
            "require": {
                "atk4/core": "~1.1.3",
                "php": ">=5.5.0"
            },
            "require-dev": {
                "codeclimate/php-test-reporter": "*",
                "phpunit/dbunit": ">=1.2",
                "phpunit/phpunit": "~4.0"
            },
            "type": "library",
            "autoload": {
                "psr-4": {
                    "atk4\\dsql\\": "src/"
                }
            },
            "notification-url": "https://packagist.org/downloads/",
            "license": [
                "MIT"
            ],
            "authors": [
                {
                    "name": "Romans Malinovskis",
                    "email": "romans@agiletoolkit.org",
                    "homepage": "https://nearly.guru/"
                }
            ],
            "description": "Dynamic SQL Builder in PHP",
            "homepage": "http://agiletoolkit.org/dsql/",
            "keywords": [
                "builder",
                "framework",
                "orm",
                "sql"
            ],
            "time": "2016-09-22 04:57:57"
        },
        {
            "name": "atk4/ui",
            "version": "dev-master",
            "source": {
                "type": "git",
                "url": "https://github.com/atk4/ui.git",
                "reference": "a21770b11de14fbbbf668e8a1ca23f67bfdfc55a"
            },
            "dist": {
                "type": "zip",
                "url": "https://api.github.com/repos/atk4/ui/zipball/a21770b11de14fbbbf668e8a1ca23f67bfdfc55a",
                "reference": "a21770b11de14fbbbf668e8a1ca23f67bfdfc55a",
                "shasum": ""
            },
            "require": {
                "atk4/data": "*",
                "php": ">=5.5.0"
            },
            "require-dev": {
                "atk4/core": "~1.1.6",
                "codeclimate/php-test-reporter": "*",
                "facebook/webdriver": "^1.1",
                "phpunit/phpunit": "4.*",
                "phpunit/phpunit-selenium": ">=1.2",
                "semantic/ui": "*"
            },
            "type": "library",
            "autoload": {
                "psr-4": {
                    "atk4\\ui\\": "src/"
                }
            },
            "notification-url": "https://packagist.org/downloads/",
            "license": [
                "MIT"
            ],
            "authors": [
                {
                    "name": "Romans Malinovskis",
                    "email": "romans@agiletoolkit.org",
                    "homepage": "https://nearly.guru/"
                }
            ],
            "description": "Agile UI - User Interface Component Library",
            "homepage": "https://github.com/atk4/ui",
            "keywords": [
                "button",
                "crud",
                "form",
                "framework",
                "gadget",
                "grid",
                "render",
                "ui",
                "web",
                "widget"
            ],
            "time": "2016-09-23 14:53:53"
        }
    ],
    "packages-dev": [],
    "aliases": [
        {
            "alias": "1.0.0",
            "alias_normalized": "1.0.0.0",
            "version": "dev-develop",
            "package": "atk4/data"
        }
    ],
    "minimum-stability": "dev",
    "stability-flags": {
        "atk4/data": 20
    },
    "prefer-stable": false,
    "prefer-lowest": false,
    "platform": {
        "php": ">=5.4"
    },
    "platform-dev": []
}
